{
  "name": "test",
  "lockfileVersion": 3,
  "requires": true,
  "packages": {
    "": {
      "dependencies": {
        "@types/node": "^18.14.0",
        "dotenv": "^16.0.3",
        "pocketbase": "^0.11.0"
      }
    },
    "node_modules/@types/node": {
      "version": "18.14.0",
      "resolved": "https://registry.npmjs.org/@types/node/-/node-18.14.0.tgz",
      "integrity": "sha512-5EWrvLmglK+imbCJY0+INViFWUHg1AHel1sq4ZVSfdcNqGy9Edv3UB9IIzzg+xPaUcAgZYcfVs2fBcwDeZzU0A=="
    },
    "node_modules/dotenv": {
      "version": "16.0.3",
      "resolved": "https://registry.npmjs.org/dotenv/-/dotenv-16.0.3.tgz",
      "integrity": "sha512-7GO6HghkA5fYG9TYnNxi14/7K9f5occMlp3zXAuSxn7CKCxt9xbNWG7yF8hTCSUchlfWSe3uLmlPfigevRItzQ==",
      "engines": {
        "node": ">=12"
      }
    },
    "node_modules/pocketbase": {
      "version": "0.11.0",
      "resolved": "https://registry.npmjs.org/pocketbase/-/pocketbase-0.11.0.tgz",
      "integrity": "sha512-nCH3xZoE4oNSWwvjCGOUkuxrZYwzmzEtgW1QrlrV6yPsc9E4D86NDHqXVtnjX7nOLB91FxsiJkZhhlO725yH7g=="
    }
  }
}
