{
  "name": "sveltekit-kontaktverzeichnis",
  "version": "0.1.0",
  "lockfileVersion": 3,
  "requires": true,
  "packages": {
    "": {
      "name": "sveltekit-kontaktverzeichnis",
      "version": "0.1.0",
      "hasInstallScript": true,
      "license": "MIT",
      "dependencies": {
        "prettier": "^2.8.8",
        "prettier-plugin-svelte": "^2.10.1"
      }
    },
    "node_modules/prettier": {
      "version": "2.8.8",
      "resolved": "https://registry.npmjs.org/prettier/-/prettier-2.8.8.tgz",
      "integrity": "sha512-tdN8qQGvNjw4CHbY+XXk0JgCXn9QiF21a55rBe5LJAU+kDyC4WQn4+awm2Xfk2lQMk5fKup9XgzTZtGkjBdP9Q==",
      "bin": {
        "prettier": "bin-prettier.js"
      },
      "engines": {
        "node": ">=10.13.0"
      },
      "funding": {
        "url": "https://github.com/prettier/prettier?sponsor=1"
      }
    },
    "node_modules/prettier-plugin-svelte": {
      "version": "2.10.1",
      "resolved": "https://registry.npmjs.org/prettier-plugin-svelte/-/prettier-plugin-svelte-2.10.1.tgz",
      "integrity": "sha512-Wlq7Z5v2ueCubWo0TZzKc9XHcm7TDxqcuzRuGd0gcENfzfT4JZ9yDlCbEgxWgiPmLHkBjfOtpAWkcT28MCDpUQ==",
      "peerDependencies": {
        "prettier": "^1.16.4 || ^2.0.0",
        "svelte": "^3.2.0 || ^4.0.0-next.0"
      }
    },
    "node_modules/svelte": {
      "version": "3.57.0",
      "resolved": "https://registry.npmjs.org/svelte/-/svelte-3.57.0.tgz",
      "integrity": "sha512-WMXEvF+RtAaclw0t3bPDTUe19pplMlfyKDsixbHQYgCWi9+O9VN0kXU1OppzrB9gPAvz4NALuoca2LfW2bOjTQ==",
      "peer": true,
      "engines": {
        "node": ">= 8"
      }
    }
  }
}
