{
  "name": "sveltekit-kontaktverzeichnis",
  "version": "0.1.0",
  "lockfileVersion": 3,
  "requires": true,
  "packages": {
    "": {
      "name": "sveltekit-kontaktverzeichnis",
      "version": "0.1.0",
      "hasInstallScript": true,
      "license": "MIT",
      "dependencies": {
        "prettier": "^2.8.5",
        "prettier-plugin-svelte": "^2.9.0"
      }
    },
    "node_modules/prettier": {
      "version": "2.8.5",
      "resolved": "https://registry.npmjs.org/prettier/-/prettier-2.8.5.tgz",
      "integrity": "sha512-3gzuxrHbKUePRBB4ZeU08VNkUcqEHaUaouNt0m7LGP4Hti/NuB07C7PPTM/LkWqXoJYJn2McEo5+kxPNrtQkLQ==",
      "bin": {
        "prettier": "bin-prettier.js"
      },
      "engines": {
        "node": ">=10.13.0"
      },
      "funding": {
        "url": "https://github.com/prettier/prettier?sponsor=1"
      }
    },
    "node_modules/prettier-plugin-svelte": {
      "version": "2.9.0",
      "resolved": "https://registry.npmjs.org/prettier-plugin-svelte/-/prettier-plugin-svelte-2.9.0.tgz",
      "integrity": "sha512-3doBi5NO4IVgaNPtwewvrgPpqAcvNv0NwJNflr76PIGgi9nf1oguQV1Hpdm9TI2ALIQVn/9iIwLpBO5UcD2Jiw==",
      "peerDependencies": {
        "prettier": "^1.16.4 || ^2.0.0",
        "svelte": "^3.2.0"
      }
    },
    "node_modules/svelte": {
      "version": "3.57.0",
      "resolved": "https://registry.npmjs.org/svelte/-/svelte-3.57.0.tgz",
      "integrity": "sha512-WMXEvF+RtAaclw0t3bPDTUe19pplMlfyKDsixbHQYgCWi9+O9VN0kXU1OppzrB9gPAvz4NALuoca2LfW2bOjTQ==",
      "peer": true,
      "engines": {
        "node": ">= 8"
      }
    }
  }
}
